
Microsoft Visual Studio Solution File, Format Version 12.00
# Visual Studio Version 17
VisualStudioVersion = 17.9.34728.123
MinimumVisualStudioVersion = 10.0.40219.1
Project("{FAE04EC0-301F-11D3-BF4B-00C04F79EFBC}") = "WebApplication1", "WebApplication1.csproj", "{3086DE9A-0015-4A11-B1CC-984BF434DF3D}"
EndProject
Global
	GlobalSection(SolutionConfigurationPlatforms) = preSolution
		Debug|Any CPU = Debug|Any CPU
		Release|Any CPU = Release|Any CPU
	EndGlobalSection
	GlobalSection(ProjectConfigurationPlatforms) = postSolution
		{3086DE9A-0015-4A11-B1CC-984BF434DF3D}.Debug|Any CPU.ActiveCfg = Debug|Any CPU
		{3086DE9A-0015-4A11-B1CC-984BF434DF3D}.Debug|Any CPU.Build.0 = Debug|Any CPU
		{3086DE9A-0015-4A11-B1CC-984BF434DF3D}.Release|Any CPU.ActiveCfg = Release|Any CPU
		{3086DE9A-0015-4A11-B1CC-984BF434DF3D}.Release|Any CPU.Build.0 = Release|Any CPU
	EndGlobalSection
	GlobalSection(SolutionProperties) = preSolution
		HideSolutionNode = FALSE
	EndGlobalSection
	GlobalSection(ExtensibilityGlobals) = postSolution
		SolutionGuid = {47635071-9DAC-49FD-A64E-784AFDA2EE1C}
	EndGlobalSection
EndGlobal
